
Microsoft Visual Studio Solution File, Format Version 12.00
Project("{2150E333-8FDC-42A3-9474-1A3956D46DE8}") = "conf", "conf", "{77C070BD-CCC5-4EFD-AA6E-F73F75CEF84E}"
ProjectSection(SolutionItems) = preProject
	global.json = global.json
EndProjectSection
EndProject
Project("{2150E333-8FDC-42A3-9474-1A3956D46DE8}") = "src", "src", "{0CBA4524-82A5-453C-BE7C-FEE44A241FE6}"
ProjectSection(SolutionItems) = preProject
	src\Directory.Build.props = src\Directory.Build.props
EndProjectSection
EndProject
Project("{FAE04EC0-301F-11D3-BF4B-00C04F79EFBC}") = "KorneiDontsov.Sql", "src\KorneiDontsov.Sql\KorneiDontsov.Sql.csproj", "{CD7DA493-7ED1-4C00-AE0B-B0F4B62A8EB5}"
EndProject
Project("{FAE04EC0-301F-11D3-BF4B-00C04F79EFBC}") = "KorneiDontsov.Sql.Postgres", "src\KorneiDontsov.Sql.Postgres\KorneiDontsov.Sql.Postgres.csproj", "{861777B5-39CA-4EEC-AF41-B3BC9D2B84EF}"
EndProject
Project("{2150E333-8FDC-42A3-9474-1A3956D46DE8}") = "schemas", "schemas", "{E98296B9-D0ED-41B5-9030-56875B5B2DCE}"
EndProject
Project("{2150E333-8FDC-42A3-9474-1A3956D46DE8}") = "Postgres", "Postgres", "{CD532591-941F-4117-9FCD-8754EBB66CDC}"
ProjectSection(SolutionItems) = preProject
	schemas\Postgres\appsettings.json = schemas\Postgres\appsettings.json
EndProjectSection
EndProject
Project("{2150E333-8FDC-42A3-9474-1A3956D46DE8}") = "examples", "examples", "{E5858141-179E-4AF4-B0EC-47892214FA40}"
EndProject
Project("{FAE04EC0-301F-11D3-BF4B-00C04F79EFBC}") = "KorneiDontsov.Sql.Postgres.Example", "examples\KorneiDontsov.Sql.Postgres.Example\KorneiDontsov.Sql.Postgres.Example.csproj", "{E1D56F5B-2715-42F3-9314-5F8FB8F52F65}"
EndProject
Project("{2150E333-8FDC-42A3-9474-1A3956D46DE8}") = "tests", "tests", "{33F28A6D-61E5-4CD2-A3B5-E3578A0FF8B9}"
EndProject
Project("{FAE04EC0-301F-11D3-BF4B-00C04F79EFBC}") = "KorneiDontsov.Sql.Postgres.Tests", "tests\KorneiDontsov.Sql.Postgres.Tests\KorneiDontsov.Sql.Postgres.Tests.csproj", "{D46F2C2F-35C9-4741-A39A-C58AF75B1F46}"
EndProject
Global
	GlobalSection(SolutionConfigurationPlatforms) = preSolution
		Debug|Any CPU = Debug|Any CPU
		Release|Any CPU = Release|Any CPU
	EndGlobalSection
	GlobalSection(ProjectConfigurationPlatforms) = postSolution
		{CD7DA493-7ED1-4C00-AE0B-B0F4B62A8EB5}.Debug|Any CPU.ActiveCfg = Debug|Any CPU
		{CD7DA493-7ED1-4C00-AE0B-B0F4B62A8EB5}.Debug|Any CPU.Build.0 = Debug|Any CPU
		{CD7DA493-7ED1-4C00-AE0B-B0F4B62A8EB5}.Release|Any CPU.ActiveCfg = Release|Any CPU
		{CD7DA493-7ED1-4C00-AE0B-B0F4B62A8EB5}.Release|Any CPU.Build.0 = Release|Any CPU
		{861777B5-39CA-4EEC-AF41-B3BC9D2B84EF}.Debug|Any CPU.ActiveCfg = Debug|Any CPU
		{861777B5-39CA-4EEC-AF41-B3BC9D2B84EF}.Debug|Any CPU.Build.0 = Debug|Any CPU
		{861777B5-39CA-4EEC-AF41-B3BC9D2B84EF}.Release|Any CPU.ActiveCfg = Release|Any CPU
		{861777B5-39CA-4EEC-AF41-B3BC9D2B84EF}.Release|Any CPU.Build.0 = Release|Any CPU
		{E1D56F5B-2715-42F3-9314-5F8FB8F52F65}.Debug|Any CPU.ActiveCfg = Debug|Any CPU
		{E1D56F5B-2715-42F3-9314-5F8FB8F52F65}.Debug|Any CPU.Build.0 = Debug|Any CPU
		{E1D56F5B-2715-42F3-9314-5F8FB8F52F65}.Release|Any CPU.ActiveCfg = Release|Any CPU
		{E1D56F5B-2715-42F3-9314-5F8FB8F52F65}.Release|Any CPU.Build.0 = Release|Any CPU
		{D46F2C2F-35C9-4741-A39A-C58AF75B1F46}.Debug|Any CPU.ActiveCfg = Debug|Any CPU
		{D46F2C2F-35C9-4741-A39A-C58AF75B1F46}.Debug|Any CPU.Build.0 = Debug|Any CPU
		{D46F2C2F-35C9-4741-A39A-C58AF75B1F46}.Release|Any CPU.ActiveCfg = Release|Any CPU
		{D46F2C2F-35C9-4741-A39A-C58AF75B1F46}.Release|Any CPU.Build.0 = Release|Any CPU
	EndGlobalSection
	GlobalSection(NestedProjects) = preSolution
		{CD7DA493-7ED1-4C00-AE0B-B0F4B62A8EB5} = {0CBA4524-82A5-453C-BE7C-FEE44A241FE6}
		{861777B5-39CA-4EEC-AF41-B3BC9D2B84EF} = {0CBA4524-82A5-453C-BE7C-FEE44A241FE6}
		{E1D56F5B-2715-42F3-9314-5F8FB8F52F65} = {E5858141-179E-4AF4-B0EC-47892214FA40}
		{CD532591-941F-4117-9FCD-8754EBB66CDC} = {E98296B9-D0ED-41B5-9030-56875B5B2DCE}
		{D46F2C2F-35C9-4741-A39A-C58AF75B1F46} = {33F28A6D-61E5-4CD2-A3B5-E3578A0FF8B9}
	EndGlobalSection
EndGlobal
